
Microsoft Visual Studio Solution File, Format Version 12.00
# Visual Studio Version 16
VisualStudioVersion = 16.0.29230.47
MinimumVisualStudioVersion = 10.0.40219.1
Project("{FAE04EC0-301F-11D3-BF4B-00C04F79EFBC}") = "books", "books.csproj", "{425C3BBE-1F18-44AB-808B-6C10CAA6BFED}"
EndProject
Global
	GlobalSection(SolutionConfigurationPlatforms) = preSolution
		Debug|Any CPU = Debug|Any CPU
		Release|Any CPU = Release|Any CPU
	EndGlobalSection
	GlobalSection(ProjectConfigurationPlatforms) = postSolution
		{425C3BBE-1F18-44AB-808B-6C10CAA6BFED}.Debug|Any CPU.ActiveCfg = Debug|Any CPU
		{425C3BBE-1F18-44AB-808B-6C10CAA6BFED}.Debug|Any CPU.Build.0 = Debug|Any CPU
		{425C3BBE-1F18-44AB-808B-6C10CAA6BFED}.Release|Any CPU.ActiveCfg = Release|Any CPU
		{425C3BBE-1F18-44AB-808B-6C10CAA6BFED}.Release|Any CPU.Build.0 = Release|Any CPU
	EndGlobalSection
	GlobalSection(SolutionProperties) = preSolution
		HideSolutionNode = FALSE
	EndGlobalSection
	GlobalSection(ExtensibilityGlobals) = postSolution
		SolutionGuid = {9DD7A823-970D-4E09-81A7-715B6BAF24DA}
	EndGlobalSection
EndGlobal
